// !$*UTF8*$!
{
	archiveVersion = 1;
	classes = {
	};
	objectVersion = 52;
	objects = {

/* Begin PBXBuildFile section */
		391D086723347ADA00DAF33F /* PersistenceManager.swift in Sources */ = {isa = PBXBuildFile; fileRef = 391D086623347ADA00DAF33F /* PersistenceManager.swift */; };
		391D086923348CD600DAF33F /* NSManagedObjectContextExt.swift in Sources */ = {isa = PBXBuildFile; fileRef = 391D086823348CD600DAF33F /* NSManagedObjectContextExt.swift */; };
		391D086B23349F9F00DAF33F /* NetworkDispatch.swift in Sources */ = {isa = PBXBuildFile; fileRef = 391D086A23349F9F00DAF33F /* NetworkDispatch.swift */; };
		391D086F2337EABD00DAF33F /* GameExt.swift in Sources */ = {isa = PBXBuildFile; fileRef = 391D086E2337EABD00DAF33F /* GameExt.swift */; };
		391D08712338230E00DAF33F /* GameDayExt.swift in Sources */ = {isa = PBXBuildFile; fileRef = 391D08702338230E00DAF33F /* GameDayExt.swift */; };
		3935A3492300B25F009E3F23 /* AppDelegate.swift in Sources */ = {isa = PBXBuildFile; fileRef = 3935A3482300B25F009E3F23 /* AppDelegate.swift */; };
		3935A34B2300B25F009E3F23 /* SceneDelegate.swift in Sources */ = {isa = PBXBuildFile; fileRef = 3935A34A2300B25F009E3F23 /* SceneDelegate.swift */; };
		3935A34E2300B25F009E3F23 /* Bar_Down.xcdatamodeld in Sources */ = {isa = PBXBuildFile; fileRef = 3935A34C2300B25F009E3F23 /* Bar_Down.xcdatamodeld */; };
		3935A3502300B25F009E3F23 /* ContentView.swift in Sources */ = {isa = PBXBuildFile; fileRef = 3935A34F2300B25F009E3F23 /* ContentView.swift */; };
		3935A3552300B263009E3F23 /* Preview Assets.xcassets in Resources */ = {isa = PBXBuildFile; fileRef = 3935A3542300B263009E3F23 /* Preview Assets.xcassets */; };
		3935A3582300B263009E3F23 /* LaunchScreen.storyboard in Resources */ = {isa = PBXBuildFile; fileRef = 3935A3562300B263009E3F23 /* LaunchScreen.storyboard */; };
		39366A8123164B51001A2907 /* Request.swift in Sources */ = {isa = PBXBuildFile; fileRef = 39366A8023164B51001A2907 /* Request.swift */; };
		39381F922300EB5800622994 /* Logos.xcassets in Resources */ = {isa = PBXBuildFile; fileRef = 39381F912300EB5800622994 /* Logos.xcassets */; };
		394BA86D2414C048003F4DAE /* GameEventExt.swift in Sources */ = {isa = PBXBuildFile; fileRef = 394BA86C2414C048003F4DAE /* GameEventExt.swift */; };
		394BA86F2414CA8C003F4DAE /* GoalListView.swift in Sources */ = {isa = PBXBuildFile; fileRef = 394BA86E2414CA8C003F4DAE /* GoalListView.swift */; };
		3959562023407F1400B73BB1 /* ScoreboardScoreView.swift in Sources */ = {isa = PBXBuildFile; fileRef = 3959561F23407F1400B73BB1 /* ScoreboardScoreView.swift */; };
		396512DD233DCE00001CEFCB /* TeamExt.swift in Sources */ = {isa = PBXBuildFile; fileRef = 396512DC233DCE00001CEFCB /* TeamExt.swift */; };
		396512E0233DCE5B001CEFCB /* NHLTeamID.swift in Sources */ = {isa = PBXBuildFile; fileRef = 396512DF233DCE5B001CEFCB /* NHLTeamID.swift */; };
		396512E2233F2F99001CEFCB /* GameStatus.swift in Sources */ = {isa = PBXBuildFile; fileRef = 396512E1233F2F99001CEFCB /* GameStatus.swift */; };
		396512E4233F3482001CEFCB /* GameRequest.swift in Sources */ = {isa = PBXBuildFile; fileRef = 396512E3233F3482001CEFCB /* GameRequest.swift */; };
		396BCEA823F9E97700D8F74A /* ShotCounterView.swift in Sources */ = {isa = PBXBuildFile; fileRef = 396BCEA723F9E97700D8F74A /* ShotCounterView.swift */; };
		396BCEAA240233EF00D8F74A /* GameDetailsSectionHeader.swift in Sources */ = {isa = PBXBuildFile; fileRef = 396BCEA9240233EF00D8F74A /* GameDetailsSectionHeader.swift */; };
		396BCEAC2402379000D8F74A /* CollectionExt.swift in Sources */ = {isa = PBXBuildFile; fileRef = 396BCEAB2402379000D8F74A /* CollectionExt.swift */; };
		3990B85923247BEF00145500 /* ScheduleRequest.swift in Sources */ = {isa = PBXBuildFile; fileRef = 3990B85823247BEF00145500 /* ScheduleRequest.swift */; };
		39A1C5372318FB7900D0B897 /* NetworkManager.swift in Sources */ = {isa = PBXBuildFile; fileRef = 39A1C5362318FB7900D0B897 /* NetworkManager.swift */; };
		39B75BF22300F8E500F82C6D /* Assets.xcassets in Resources */ = {isa = PBXBuildFile; fileRef = 3935A3512300B263009E3F23 /* Assets.xcassets */; };
		39C5614C23258D9500D6B196 /* TeamsRequest.swift in Sources */ = {isa = PBXBuildFile; fileRef = 39C5614B23258D9500D6B196 /* TeamsRequest.swift */; };
		39C561522325B3D400D6B196 /* ScoreboardTeamView.swift in Sources */ = {isa = PBXBuildFile; fileRef = 39C561512325B3D400D6B196 /* ScoreboardTeamView.swift */; };
		39C561542325B43100D6B196 /* ScoreboardPageViewController.swift in Sources */ = {isa = PBXBuildFile; fileRef = 39C561532325B43100D6B196 /* ScoreboardPageViewController.swift */; };
		39C561562325B4EF00D6B196 /* ScoreboardViewController.swift in Sources */ = {isa = PBXBuildFile; fileRef = 39C561552325B4EF00D6B196 /* ScoreboardViewController.swift */; };
		39C561592325BA4E00D6B196 /* DateFormatterExt.swift in Sources */ = {isa = PBXBuildFile; fileRef = 39C561582325BA4E00D6B196 /* DateFormatterExt.swift */; };
		39C6BF6423E69366000D2292 /* GameDetailsView.swift in Sources */ = {isa = PBXBuildFile; fileRef = 39C6BF6323E69366000D2292 /* GameDetailsView.swift */; };
		39C6BF6623F28BC6000D2292 /* GamePeriodExt.swift in Sources */ = {isa = PBXBuildFile; fileRef = 39C6BF6523F28BC6000D2292 /* GamePeriodExt.swift */; };
/* End PBXBuildFile section */

/* Begin PBXFileReference section */
		391D086623347ADA00DAF33F /* PersistenceManager.swift */ = {isa = PBXFileReference; lastKnownFileType = sourcecode.swift; path = PersistenceManager.swift; sourceTree = "<group>"; };
		391D086823348CD600DAF33F /* NSManagedObjectContextExt.swift */ = {isa = PBXFileReference; lastKnownFileType = sourcecode.swift; path = NSManagedObjectContextExt.swift; sourceTree = "<group>"; };
		391D086A23349F9F00DAF33F /* NetworkDispatch.swift */ = {isa = PBXFileReference; lastKnownFileType = sourcecode.swift; path = NetworkDispatch.swift; sourceTree = "<group>"; };
		391D086E2337EABD00DAF33F /* GameExt.swift */ = {isa = PBXFileReference; lastKnownFileType = sourcecode.swift; path = GameExt.swift; sourceTree = "<group>"; };
		391D08702338230E00DAF33F /* GameDayExt.swift */ = {isa = PBXFileReference; lastKnownFileType = sourcecode.swift; path = GameDayExt.swift; sourceTree = "<group>"; };
		3935A3452300B25F009E3F23 /* Bar Down.app */ = {isa = PBXFileReference; explicitFileType = wrapper.application; includeInIndex = 0; path = "Bar Down.app"; sourceTree = BUILT_PRODUCTS_DIR; };
		3935A3482300B25F009E3F23 /* AppDelegate.swift */ = {isa = PBXFileReference; lastKnownFileType = sourcecode.swift; path = AppDelegate.swift; sourceTree = "<group>"; };
		3935A34A2300B25F009E3F23 /* SceneDelegate.swift */ = {isa = PBXFileReference; lastKnownFileType = sourcecode.swift; path = SceneDelegate.swift; sourceTree = "<group>"; };
		3935A34D2300B25F009E3F23 /* Bar_Down.xcdatamodel */ = {isa = PBXFileReference; lastKnownFileType = wrapper.xcdatamodel; path = Bar_Down.xcdatamodel; sourceTree = "<group>"; };
		3935A34F2300B25F009E3F23 /* ContentView.swift */ = {isa = PBXFileReference; lastKnownFileType = sourcecode.swift; path = ContentView.swift; sourceTree = "<group>"; };
		3935A3512300B263009E3F23 /* Assets.xcassets */ = {isa = PBXFileReference; lastKnownFileType = folder.assetcatalog; path = Assets.xcassets; sourceTree = "<group>"; };
		3935A3542300B263009E3F23 /* Preview Assets.xcassets */ = {isa = PBXFileReference; lastKnownFileType = folder.assetcatalog; path = "Preview Assets.xcassets"; sourceTree = "<group>"; };
		3935A3572300B263009E3F23 /* Base */ = {isa = PBXFileReference; lastKnownFileType = file.storyboard; name = Base; path = Base.lproj/LaunchScreen.storyboard; sourceTree = "<group>"; };
		3935A3592300B263009E3F23 /* Info.plist */ = {isa = PBXFileReference; lastKnownFileType = text.plist.xml; path = Info.plist; sourceTree = "<group>"; };
		39366A8023164B51001A2907 /* Request.swift */ = {isa = PBXFileReference; lastKnownFileType = sourcecode.swift; path = Request.swift; sourceTree = "<group>"; };
		39381F912300EB5800622994 /* Logos.xcassets */ = {isa = PBXFileReference; lastKnownFileType = folder.assetcatalog; path = Logos.xcassets; sourceTree = "<group>"; };
		394BA86C2414C048003F4DAE /* GameEventExt.swift */ = {isa = PBXFileReference; lastKnownFileType = sourcecode.swift; path = GameEventExt.swift; sourceTree = "<group>"; };
		394BA86E2414CA8C003F4DAE /* GoalListView.swift */ = {isa = PBXFileReference; lastKnownFileType = sourcecode.swift; name = GoalListView.swift; path = "Bar Down/Core Data/Models/Extensions/GoalListView.swift"; sourceTree = SOURCE_ROOT; };
		3959561F23407F1400B73BB1 /* ScoreboardScoreView.swift */ = {isa = PBXFileReference; lastKnownFileType = sourcecode.swift; path = ScoreboardScoreView.swift; sourceTree = "<group>"; };
		396512DC233DCE00001CEFCB /* TeamExt.swift */ = {isa = PBXFileReference; lastKnownFileType = sourcecode.swift; path = TeamExt.swift; sourceTree = "<group>"; };
		396512DF233DCE5B001CEFCB /* NHLTeamID.swift */ = {isa = PBXFileReference; lastKnownFileType = sourcecode.swift; path = NHLTeamID.swift; sourceTree = "<group>"; };
		396512E1233F2F99001CEFCB /* GameStatus.swift */ = {isa = PBXFileReference; lastKnownFileType = sourcecode.swift; path = GameStatus.swift; sourceTree = "<group>"; };
		396512E3233F3482001CEFCB /* GameRequest.swift */ = {isa = PBXFileReference; lastKnownFileType = sourcecode.swift; path = GameRequest.swift; sourceTree = "<group>"; };
		396BCEA723F9E97700D8F74A /* ShotCounterView.swift */ = {isa = PBXFileReference; lastKnownFileType = sourcecode.swift; name = ShotCounterView.swift; path = "Bar Down/Core Data/Models/Extensions/ShotCounterView.swift"; sourceTree = SOURCE_ROOT; };
		396BCEA9240233EF00D8F74A /* GameDetailsSectionHeader.swift */ = {isa = PBXFileReference; lastKnownFileType = sourcecode.swift; name = GameDetailsSectionHeader.swift; path = "Bar Down/Core Data/Models/Extensions/GameDetailsSectionHeader.swift"; sourceTree = SOURCE_ROOT; };
		396BCEAB2402379000D8F74A /* CollectionExt.swift */ = {isa = PBXFileReference; lastKnownFileType = sourcecode.swift; path = CollectionExt.swift; sourceTree = "<group>"; };
		398D28222392137400A2F734 /* libicucore.tbd */ = {isa = PBXFileReference; lastKnownFileType = "sourcecode.text-based-dylib-definition"; name = libicucore.tbd; path = usr/lib/libicucore.tbd; sourceTree = SDKROOT; };
		398D28242392137D00A2F734 /* CFNetwork.framework */ = {isa = PBXFileReference; lastKnownFileType = wrapper.framework; name = CFNetwork.framework; path = System/Library/Frameworks/CFNetwork.framework; sourceTree = SDKROOT; };
		398D28262392138500A2F734 /* Security.framework */ = {isa = PBXFileReference; lastKnownFileType = wrapper.framework; name = Security.framework; path = System/Library/Frameworks/Security.framework; sourceTree = SDKROOT; };
		398D28282392138B00A2F734 /* SystemConfiguration.framework */ = {isa = PBXFileReference; lastKnownFileType = wrapper.framework; name = SystemConfiguration.framework; path = System/Library/Frameworks/SystemConfiguration.framework; sourceTree = SDKROOT; };
		398D282A2392139B00A2F734 /* libc++.tbd */ = {isa = PBXFileReference; lastKnownFileType = "sourcecode.text-based-dylib-definition"; name = "libc++.tbd"; path = "usr/lib/libc++.tbd"; sourceTree = SDKROOT; };
		398D282C239213A200A2F734 /* libsqlite3.tbd */ = {isa = PBXFileReference; lastKnownFileType = "sourcecode.text-based-dylib-definition"; name = libsqlite3.tbd; path = usr/lib/libsqlite3.tbd; sourceTree = SDKROOT; };
		3990B85823247BEF00145500 /* ScheduleRequest.swift */ = {isa = PBXFileReference; lastKnownFileType = sourcecode.swift; path = ScheduleRequest.swift; sourceTree = "<group>"; };
		39A1C5362318FB7900D0B897 /* NetworkManager.swift */ = {isa = PBXFileReference; lastKnownFileType = sourcecode.swift; path = NetworkManager.swift; sourceTree = "<group>"; };
		39C5614B23258D9500D6B196 /* TeamsRequest.swift */ = {isa = PBXFileReference; lastKnownFileType = sourcecode.swift; path = TeamsRequest.swift; sourceTree = "<group>"; };
		39C561512325B3D400D6B196 /* ScoreboardTeamView.swift */ = {isa = PBXFileReference; lastKnownFileType = sourcecode.swift; path = ScoreboardTeamView.swift; sourceTree = "<group>"; };
		39C561532325B43100D6B196 /* ScoreboardPageViewController.swift */ = {isa = PBXFileReference; lastKnownFileType = sourcecode.swift; path = ScoreboardPageViewController.swift; sourceTree = "<group>"; };
		39C561552325B4EF00D6B196 /* ScoreboardViewController.swift */ = {isa = PBXFileReference; lastKnownFileType = sourcecode.swift; path = ScoreboardViewController.swift; sourceTree = "<group>"; };
		39C561582325BA4E00D6B196 /* DateFormatterExt.swift */ = {isa = PBXFileReference; lastKnownFileType = sourcecode.swift; path = DateFormatterExt.swift; sourceTree = "<group>"; };
		39C6BF6323E69366000D2292 /* GameDetailsView.swift */ = {isa = PBXFileReference; lastKnownFileType = sourcecode.swift; name = GameDetailsView.swift; path = "Bar Down/Core Data/Models/Extensions/GameDetailsView.swift"; sourceTree = SOURCE_ROOT; };
		39C6BF6523F28BC6000D2292 /* GamePeriodExt.swift */ = {isa = PBXFileReference; lastKnownFileType = sourcecode.swift; path = GamePeriodExt.swift; sourceTree = "<group>"; };
/* End PBXFileReference section */

/* Begin PBXFrameworksBuildPhase section */
		3935A3422300B25F009E3F23 /* Frameworks */ = {
			isa = PBXFrameworksBuildPhase;
			buildActionMask = 2147483647;
			files = (
			);
			runOnlyForDeploymentPostprocessing = 0;
		};
/* End PBXFrameworksBuildPhase section */

/* Begin PBXGroup section */
		391D086D2337EAAC00DAF33F /* Extensions */ = {
			isa = PBXGroup;
			children = (
				391D086E2337EABD00DAF33F /* GameExt.swift */,
				391D08702338230E00DAF33F /* GameDayExt.swift */,
				396512DC233DCE00001CEFCB /* TeamExt.swift */,
				39C6BF6523F28BC6000D2292 /* GamePeriodExt.swift */,
				394BA86C2414C048003F4DAE /* GameEventExt.swift */,
			);
			path = Extensions;
			sourceTree = "<group>";
		};
		3935A33C2300B25F009E3F23 = {
			isa = PBXGroup;
			children = (
				3935A3472300B25F009E3F23 /* Bar Down */,
				3935A3462300B25F009E3F23 /* Products */,
				398D28212392137400A2F734 /* Frameworks */,
			);
			sourceTree = "<group>";
		};
		3935A3462300B25F009E3F23 /* Products */ = {
			isa = PBXGroup;
			children = (
				3935A3452300B25F009E3F23 /* Bar Down.app */,
			);
			name = Products;
			sourceTree = "<group>";
		};
		3935A3472300B25F009E3F23 /* Bar Down */ = {
			isa = PBXGroup;
			children = (
				396512DE233DCE3F001CEFCB /* Common */,
				39877BD82333617D00F2CD5A /* Core Data */,
				39C561572325BA4100D6B196 /* Extensions */,
				39C5614D2325B3A100D6B196 /* Views */,
				39366A7F231646CE001A2907 /* Network */,
				39381F902300EB4B00622994 /* Resources */,
				3935A3482300B25F009E3F23 /* AppDelegate.swift */,
				3935A34A2300B25F009E3F23 /* SceneDelegate.swift */,
				3935A34F2300B25F009E3F23 /* ContentView.swift */,
				3935A3512300B263009E3F23 /* Assets.xcassets */,
				3935A3562300B263009E3F23 /* LaunchScreen.storyboard */,
				3935A3592300B263009E3F23 /* Info.plist */,
				3935A3532300B263009E3F23 /* Preview Content */,
			);
			path = "Bar Down";
			sourceTree = "<group>";
		};
		3935A3532300B263009E3F23 /* Preview Content */ = {
			isa = PBXGroup;
			children = (
				3935A3542300B263009E3F23 /* Preview Assets.xcassets */,
			);
			path = "Preview Content";
			sourceTree = "<group>";
		};
		39366A7F231646CE001A2907 /* Network */ = {
			isa = PBXGroup;
			children = (
				39366A8023164B51001A2907 /* Request.swift */,
				39A1C5362318FB7900D0B897 /* NetworkManager.swift */,
				3990B85823247BEF00145500 /* ScheduleRequest.swift */,
				39C5614B23258D9500D6B196 /* TeamsRequest.swift */,
				391D086A23349F9F00DAF33F /* NetworkDispatch.swift */,
				396512E3233F3482001CEFCB /* GameRequest.swift */,
			);
			path = Network;
			sourceTree = "<group>";
		};
		39381F902300EB4B00622994 /* Resources */ = {
			isa = PBXGroup;
			children = (
				39381F912300EB5800622994 /* Logos.xcassets */,
			);
			path = Resources;
			sourceTree = "<group>";
		};
		396512DE233DCE3F001CEFCB /* Common */ = {
			isa = PBXGroup;
			children = (
				396512DF233DCE5B001CEFCB /* NHLTeamID.swift */,
				396512E1233F2F99001CEFCB /* GameStatus.swift */,
			);
			path = Common;
			sourceTree = "<group>";
		};
		39877BD82333617D00F2CD5A /* Core Data */ = {
			isa = PBXGroup;
			children = (
				39877BD92333618C00F2CD5A /* Models */,
				3935A34C2300B25F009E3F23 /* Bar_Down.xcdatamodeld */,
				391D086623347ADA00DAF33F /* PersistenceManager.swift */,
			);
			path = "Core Data";
			sourceTree = "<group>";
		};
		39877BD92333618C00F2CD5A /* Models */ = {
			isa = PBXGroup;
			children = (
				391D086D2337EAAC00DAF33F /* Extensions */,
			);
			path = Models;
			sourceTree = "<group>";
		};
		398D28212392137400A2F734 /* Frameworks */ = {
			isa = PBXGroup;
			children = (
				398D282C239213A200A2F734 /* libsqlite3.tbd */,
				398D282A2392139B00A2F734 /* libc++.tbd */,
				398D28282392138B00A2F734 /* SystemConfiguration.framework */,
				398D28262392138500A2F734 /* Security.framework */,
				398D28242392137D00A2F734 /* CFNetwork.framework */,
				398D28222392137400A2F734 /* libicucore.tbd */,
			);
			name = Frameworks;
			sourceTree = "<group>";
		};
		39C5614D2325B3A100D6B196 /* Views */ = {
			isa = PBXGroup;
			children = (
				39C561502325B3C100D6B196 /* Standings */,
				39C5614F2325B3B900D6B196 /* Game Details */,
				39C5614E2325B3AD00D6B196 /* Scoreboard */,
			);
			path = Views;
			sourceTree = "<group>";
		};
		39C5614E2325B3AD00D6B196 /* Scoreboard */ = {
			isa = PBXGroup;
			children = (
				39C561512325B3D400D6B196 /* ScoreboardTeamView.swift */,
				39C561532325B43100D6B196 /* ScoreboardPageViewController.swift */,
				39C561552325B4EF00D6B196 /* ScoreboardViewController.swift */,
				3959561F23407F1400B73BB1 /* ScoreboardScoreView.swift */,
			);
			path = Scoreboard;
			sourceTree = "<group>";
		};
		39C5614F2325B3B900D6B196 /* Game Details */ = {
			isa = PBXGroup;
			children = (
				39C6BF6323E69366000D2292 /* GameDetailsView.swift */,
				396BCEA723F9E97700D8F74A /* ShotCounterView.swift */,
				396BCEA9240233EF00D8F74A /* GameDetailsSectionHeader.swift */,
				394BA86E2414CA8C003F4DAE /* GoalListView.swift */,
			);
			path = "Game Details";
			sourceTree = "<group>";
		};
		39C561502325B3C100D6B196 /* Standings */ = {
			isa = PBXGroup;
			children = (
			);
			path = Standings;
			sourceTree = "<group>";
		};
		39C561572325BA4100D6B196 /* Extensions */ = {
			isa = PBXGroup;
			children = (
				39C561582325BA4E00D6B196 /* DateFormatterExt.swift */,
				391D086823348CD600DAF33F /* NSManagedObjectContextExt.swift */,
				396BCEAB2402379000D8F74A /* CollectionExt.swift */,
			);
			path = Extensions;
			sourceTree = "<group>";
		};
/* End PBXGroup section */

/* Begin PBXNativeTarget section */
		3935A3442300B25F009E3F23 /* Bar Down */ = {
			isa = PBXNativeTarget;
			buildConfigurationList = 3935A35C2300B263009E3F23 /* Build configuration list for PBXNativeTarget "Bar Down" */;
			buildPhases = (
				3935A3412300B25F009E3F23 /* Sources */,
				3935A3422300B25F009E3F23 /* Frameworks */,
				3935A3432300B25F009E3F23 /* Resources */,
			);
			buildRules = (
			);
			dependencies = (
			);
			name = "Bar Down";
			productName = "Bar Down";
			productReference = 3935A3452300B25F009E3F23 /* Bar Down.app */;
			productType = "com.apple.product-type.application";
		};
/* End PBXNativeTarget section */

/* Begin PBXProject section */
		3935A33D2300B25F009E3F23 /* Project object */ = {
			isa = PBXProject;
			attributes = {
				LastSwiftUpdateCheck = 1100;
				LastUpgradeCheck = 1200;
				ORGANIZATIONNAME = Pryanik;
				TargetAttributes = {
					3935A3442300B25F009E3F23 = {
						CreatedOnToolsVersion = 11.0;
					};
				};
			};
			buildConfigurationList = 3935A3402300B25F009E3F23 /* Build configuration list for PBXProject "Bar Down" */;
			compatibilityVersion = "Xcode 11.0";
			developmentRegion = en;
			hasScannedForEncodings = 0;
			knownRegions = (
				en,
				Base,
			);
			mainGroup = 3935A33C2300B25F009E3F23;
			productRefGroup = 3935A3462300B25F009E3F23 /* Products */;
			projectDirPath = "";
			projectRoot = "";
			targets = (
				3935A3442300B25F009E3F23 /* Bar Down */,
			);
		};
/* End PBXProject section */

/* Begin PBXResourcesBuildPhase section */
		3935A3432300B25F009E3F23 /* Resources */ = {
			isa = PBXResourcesBuildPhase;
			buildActionMask = 2147483647;
			files = (
				39B75BF22300F8E500F82C6D /* Assets.xcassets in Resources */,
				3935A3582300B263009E3F23 /* LaunchScreen.storyboard in Resources */,
				3935A3552300B263009E3F23 /* Preview Assets.xcassets in Resources */,
				39381F922300EB5800622994 /* Logos.xcassets in Resources */,
			);
			runOnlyForDeploymentPostprocessing = 0;
		};
/* End PBXResourcesBuildPhase section */

/* Begin PBXSourcesBuildPhase section */
		3935A3412300B25F009E3F23 /* Sources */ = {
			isa = PBXSourcesBuildPhase;
			buildActionMask = 2147483647;
			files = (
				396512E4233F3482001CEFCB /* GameRequest.swift in Sources */,
				39C561592325BA4E00D6B196 /* DateFormatterExt.swift in Sources */,
				39C5614C23258D9500D6B196 /* TeamsRequest.swift in Sources */,
				396512E0233DCE5B001CEFCB /* NHLTeamID.swift in Sources */,
				391D08712338230E00DAF33F /* GameDayExt.swift in Sources */,
				391D086B23349F9F00DAF33F /* NetworkDispatch.swift in Sources */,
				391D086F2337EABD00DAF33F /* GameExt.swift in Sources */,
				39A1C5372318FB7900D0B897 /* NetworkManager.swift in Sources */,
				3935A34E2300B25F009E3F23 /* Bar_Down.xcdatamodeld in Sources */,
				3935A3492300B25F009E3F23 /* AppDelegate.swift in Sources */,
				391D086923348CD600DAF33F /* NSManagedObjectContextExt.swift in Sources */,
				391D086723347ADA00DAF33F /* PersistenceManager.swift in Sources */,
				39366A8123164B51001A2907 /* Request.swift in Sources */,
				3959562023407F1400B73BB1 /* ScoreboardScoreView.swift in Sources */,
				39C561542325B43100D6B196 /* ScoreboardPageViewController.swift in Sources */,
				396512DD233DCE00001CEFCB /* TeamExt.swift in Sources */,
				39C561522325B3D400D6B196 /* ScoreboardTeamView.swift in Sources */,
				39C6BF6423E69366000D2292 /* GameDetailsView.swift in Sources */,
				394BA86D2414C048003F4DAE /* GameEventExt.swift in Sources */,
				39C561562325B4EF00D6B196 /* ScoreboardViewController.swift in Sources */,
				3935A3502300B25F009E3F23 /* ContentView.swift in Sources */,
				396BCEAC2402379000D8F74A /* CollectionExt.swift in Sources */,
				39C6BF6623F28BC6000D2292 /* GamePeriodExt.swift in Sources */,
				396512E2233F2F99001CEFCB /* GameStatus.swift in Sources */,
				396BCEA823F9E97700D8F74A /* ShotCounterView.swift in Sources */,
				3990B85923247BEF00145500 /* ScheduleRequest.swift in Sources */,
				3935A34B2300B25F009E3F23 /* SceneDelegate.swift in Sources */,
				396BCEAA240233EF00D8F74A /* GameDetailsSectionHeader.swift in Sources */,
				394BA86F2414CA8C003F4DAE /* GoalListView.swift in Sources */,
			);
			runOnlyForDeploymentPostprocessing = 0;
		};
/* End PBXSourcesBuildPhase section */

/* Begin PBXVariantGroup section */
		3935A3562300B263009E3F23 /* LaunchScreen.storyboard */ = {
			isa = PBXVariantGroup;
			children = (
				3935A3572300B263009E3F23 /* Base */,
			);
			name = LaunchScreen.storyboard;
			sourceTree = "<group>";
		};
/* End PBXVariantGroup section */

/* Begin XCBuildConfiguration section */
		3935A35A2300B263009E3F23 /* Debug */ = {
			isa = XCBuildConfiguration;
			buildSettings = {
				ALWAYS_SEARCH_USER_PATHS = NO;
				CLANG_ANALYZER_NONNULL = YES;
				CLANG_ANALYZER_NUMBER_OBJECT_CONVERSION = YES_AGGRESSIVE;
				CLANG_CXX_LANGUAGE_STANDARD = "gnu++14";
				CLANG_CXX_LIBRARY = "libc++";
				CLANG_ENABLE_MODULES = YES;
				CLANG_ENABLE_OBJC_ARC = YES;
				CLANG_ENABLE_OBJC_WEAK = YES;
				CLANG_WARN_BLOCK_CAPTURE_AUTORELEASING = YES;
				CLANG_WARN_BOOL_CONVERSION = YES;
				CLANG_WARN_COMMA = YES;
				CLANG_WARN_CONSTANT_CONVERSION = YES;
				CLANG_WARN_DEPRECATED_OBJC_IMPLEMENTATIONS = YES;
				CLANG_WARN_DIRECT_OBJC_ISA_USAGE = YES_ERROR;
				CLANG_WARN_DOCUMENTATION_COMMENTS = YES;
				CLANG_WARN_EMPTY_BODY = YES;
				CLANG_WARN_ENUM_CONVERSION = YES;
				CLANG_WARN_INFINITE_RECURSION = YES;
				CLANG_WARN_INT_CONVERSION = YES;
				CLANG_WARN_NON_LITERAL_NULL_CONVERSION = YES;
				CLANG_WARN_OBJC_IMPLICIT_RETAIN_SELF = YES;
				CLANG_WARN_OBJC_LITERAL_CONVERSION = YES;
				CLANG_WARN_OBJC_ROOT_CLASS = YES_ERROR;
				CLANG_WARN_QUOTED_INCLUDE_IN_FRAMEWORK_HEADER = YES;
				CLANG_WARN_RANGE_LOOP_ANALYSIS = YES;
				CLANG_WARN_STRICT_PROTOTYPES = YES;
				CLANG_WARN_SUSPICIOUS_MOVE = YES;
				CLANG_WARN_UNGUARDED_AVAILABILITY = YES_AGGRESSIVE;
				CLANG_WARN_UNREACHABLE_CODE = YES;
				CLANG_WARN__DUPLICATE_METHOD_MATCH = YES;
				COPY_PHASE_STRIP = NO;
				DEBUG_INFORMATION_FORMAT = dwarf;
				ENABLE_STRICT_OBJC_MSGSEND = YES;
				ENABLE_TESTABILITY = YES;
				GCC_C_LANGUAGE_STANDARD = gnu11;
				GCC_DYNAMIC_NO_PIC = NO;
				GCC_NO_COMMON_BLOCKS = YES;
				GCC_OPTIMIZATION_LEVEL = 0;
				GCC_PREPROCESSOR_DEFINITIONS = (
					"DEBUG=1",
					"$(inherited)",
				);
				GCC_WARN_64_TO_32_BIT_CONVERSION = YES;
				GCC_WARN_ABOUT_RETURN_TYPE = YES_ERROR;
				GCC_WARN_UNDECLARED_SELECTOR = YES;
				GCC_WARN_UNINITIALIZED_AUTOS = YES_AGGRESSIVE;
				GCC_WARN_UNUSED_FUNCTION = YES;
				GCC_WARN_UNUSED_VARIABLE = YES;
				IPHONEOS_DEPLOYMENT_TARGET = 13.0;
				MTL_ENABLE_DEBUG_INFO = INCLUDE_SOURCE;
				MTL_FAST_MATH = YES;
				ONLY_ACTIVE_ARCH = YES;
				SDKROOT = iphoneos;
				SWIFT_ACTIVE_COMPILATION_CONDITIONS = DEBUG;
				SWIFT_OPTIMIZATION_LEVEL = "-Onone";
			};
			name = Debug;
		};
		3935A35B2300B263009E3F23 /* Release */ = {
			isa = XCBuildConfiguration;
			buildSettings = {
				ALWAYS_SEARCH_USER_PATHS = NO;
				CLANG_ANALYZER_NONNULL = YES;
				CLANG_ANALYZER_NUMBER_OBJECT_CONVERSION = YES_AGGRESSIVE;
				CLANG_CXX_LANGUAGE_STANDARD = "gnu++14";
				CLANG_CXX_LIBRARY = "libc++";
				CLANG_ENABLE_MODULES = YES;
				CLANG_ENABLE_OBJC_ARC = YES;
				CLANG_ENABLE_OBJC_WEAK = YES;
				CLANG_WARN_BLOCK_CAPTURE_AUTORELEASING = YES;
				CLANG_WARN_BOOL_CONVERSION = YES;
				CLANG_WARN_COMMA = YES;
				CLANG_WARN_CONSTANT_CONVERSION = YES;
				CLANG_WARN_DEPRECATED_OBJC_IMPLEMENTATIONS = YES;
				CLANG_WARN_DIRECT_OBJC_ISA_USAGE = YES_ERROR;
				CLANG_WARN_DOCUMENTATION_COMMENTS = YES;
				CLANG_WARN_EMPTY_BODY = YES;
				CLANG_WARN_ENUM_CONVERSION = YES;
				CLANG_WARN_INFINITE_RECURSION = YES;
				CLANG_WARN_INT_CONVERSION = YES;
				CLANG_WARN_NON_LITERAL_NULL_CONVERSION = YES;
				CLANG_WARN_OBJC_IMPLICIT_RETAIN_SELF = YES;
				CLANG_WARN_OBJC_LITERAL_CONVERSION = YES;
				CLANG_WARN_OBJC_ROOT_CLASS = YES_ERROR;
				CLANG_WARN_QUOTED_INCLUDE_IN_FRAMEWORK_HEADER = YES;
				CLANG_WARN_RANGE_LOOP_ANALYSIS = YES;
				CLANG_WARN_STRICT_PROTOTYPES = YES;
				CLANG_WARN_SUSPICIOUS_MOVE = YES;
				CLANG_WARN_UNGUARDED_AVAILABILITY = YES_AGGRESSIVE;
				CLANG_WARN_UNREACHABLE_CODE = YES;
				CLANG_WARN__DUPLICATE_METHOD_MATCH = YES;
				COPY_PHASE_STRIP = NO;
				DEBUG_INFORMATION_FORMAT = "dwarf-with-dsym";
				ENABLE_NS_ASSERTIONS = NO;
				ENABLE_STRICT_OBJC_MSGSEND = YES;
				GCC_C_LANGUAGE_STANDARD = gnu11;
				GCC_NO_COMMON_BLOCKS = YES;
				GCC_WARN_64_TO_32_BIT_CONVERSION = YES;
				GCC_WARN_ABOUT_RETURN_TYPE = YES_ERROR;
				GCC_WARN_UNDECLARED_SELECTOR = YES;
				GCC_WARN_UNINITIALIZED_AUTOS = YES_AGGRESSIVE;
				GCC_WARN_UNUSED_FUNCTION = YES;
				GCC_WARN_UNUSED_VARIABLE = YES;
				IPHONEOS_DEPLOYMENT_TARGET = 13.0;
				MTL_ENABLE_DEBUG_INFO = NO;
				MTL_FAST_MATH = YES;
				SDKROOT = iphoneos;
				SWIFT_COMPILATION_MODE = wholemodule;
				SWIFT_OPTIMIZATION_LEVEL = "-O";
				VALIDATE_PRODUCT = YES;
			};
			name = Release;
		};
		3935A35D2300B263009E3F23 /* Debug */ = {
			isa = XCBuildConfiguration;
			buildSettings = {
				ASSETCATALOG_COMPILER_APPICON_NAME = AppIcon;
				CODE_SIGN_STYLE = Automatic;
				DEBUG_INFORMATION_FORMAT = "dwarf-with-dsym";
				DEVELOPMENT_ASSET_PATHS = "\"Bar Down\"/Preview\\ Content";
				DEVELOPMENT_TEAM = T36GJ569RT;
				ENABLE_PREVIEWS = YES;
				FRAMEWORK_SEARCH_PATHS = (
					"$(inherited)",
					"$(PROJECT_DIR)/Bar\\ Down/Firebase",
				);
				HEADER_SEARCH_PATHS = "$(PROJECT_DIR)/Bar\\ Down/Firebase";
				INFOPLIST_FILE = "Bar Down/Info.plist";
				LD_RUNPATH_SEARCH_PATHS = (
					"$(inherited)",
					"@executable_path/Frameworks",
				);
				OTHER_LDFLAGS = "-ObjC";
				PRODUCT_BUNDLE_IDENTIFIER = "com.aking.bar-down";
				PRODUCT_NAME = "$(TARGET_NAME)";
				SWIFT_VERSION = 5.0;
				TARGETED_DEVICE_FAMILY = 1;
				USER_HEADER_SEARCH_PATHS = "$(PROJECT_DIR)/Bar\\ Down/Firebase";
			};
			name = Debug;
		};
		3935A35E2300B263009E3F23 /* Release */ = {
			isa = XCBuildConfiguration;
			buildSettings = {
				ASSETCATALOG_COMPILER_APPICON_NAME = AppIcon;
				CODE_SIGN_STYLE = Automatic;
				DEVELOPMENT_ASSET_PATHS = "\"Bar Down\"/Preview\\ Content";
				DEVELOPMENT_TEAM = T36GJ569RT;
				ENABLE_PREVIEWS = YES;
				FRAMEWORK_SEARCH_PATHS = (
					"$(inherited)",
					"$(PROJECT_DIR)/Bar\\ Down/Firebase",
				);
				HEADER_SEARCH_PATHS = "$(PROJECT_DIR)/Bar\\ Down/Firebase";
				INFOPLIST_FILE = "Bar Down/Info.plist";
				LD_RUNPATH_SEARCH_PATHS = (
					"$(inherited)",
					"@executable_path/Frameworks",
				);
				OTHER_LDFLAGS = "-ObjC";
				PRODUCT_BUNDLE_IDENTIFIER = "com.aking.bar-down";
				PRODUCT_NAME = "$(TARGET_NAME)";
				SWIFT_VERSION = 5.0;
				TARGETED_DEVICE_FAMILY = 1;
				USER_HEADER_SEARCH_PATHS = "$(PROJECT_DIR)/Bar\\ Down/Firebase";
			};
			name = Release;
		};
/* End XCBuildConfiguration section */

/* Begin XCConfigurationList section */
		3935A3402300B25F009E3F23 /* Build configuration list for PBXProject "Bar Down" */ = {
			isa = XCConfigurationList;
			buildConfigurations = (
				3935A35A2300B263009E3F23 /* Debug */,
				3935A35B2300B263009E3F23 /* Release */,
			);
			defaultConfigurationIsVisible = 0;
			defaultConfigurationName = Release;
		};
		3935A35C2300B263009E3F23 /* Build configuration list for PBXNativeTarget "Bar Down" */ = {
			isa = XCConfigurationList;
			buildConfigurations = (
				3935A35D2300B263009E3F23 /* Debug */,
				3935A35E2300B263009E3F23 /* Release */,
			);
			defaultConfigurationIsVisible = 0;
			defaultConfigurationName = Release;
		};
/* End XCConfigurationList section */

/* Begin XCVersionGroup section */
		3935A34C2300B25F009E3F23 /* Bar_Down.xcdatamodeld */ = {
			isa = XCVersionGroup;
			children = (
				3935A34D2300B25F009E3F23 /* Bar_Down.xcdatamodel */,
			);
			currentVersion = 3935A34D2300B25F009E3F23 /* Bar_Down.xcdatamodel */;
			path = Bar_Down.xcdatamodeld;
			sourceTree = "<group>";
			versionGroupType = wrapper.xcdatamodel;
		};
/* End XCVersionGroup section */
	};
	rootObject = 3935A33D2300B25F009E3F23 /* Project object */;
}
